
Microsoft Visual Studio Solution File, Format Version 12.00
# Visual Studio Version 17
VisualStudioVersion = 17.3.32804.467
MinimumVisualStudioVersion = 10.0.40219.1
Project("{9A19103F-16F7-4668-BE54-9A1E7A4F7556}") = "Lacuna.Dev.Ingresso.LacunaGenetics", "Lacuna.Dev.Ingresso.LacunaGenetics.csproj", "{D702E554-E994-4880-A259-0BF47510A8EF}"
EndProject
Project("{FAE04EC0-301F-11D3-BF4B-00C04F79EFBC}") = "Lacuna.Dev.Ingresso.LacunaGenetics.UnitTest", "..\Lacuna.Dev.Ingresso.LacunaGenetics.UnitTest\Lacuna.Dev.Ingresso.LacunaGenetics.UnitTest.csproj", "{D467DE5C-FD15-4776-B74B-AD2999BF492D}"
EndProject
Global
	GlobalSection(SolutionConfigurationPlatforms) = preSolution
		Debug|Any CPU = Debug|Any CPU
		Release|Any CPU = Release|Any CPU
	EndGlobalSection
	GlobalSection(ProjectConfigurationPlatforms) = postSolution
		{D702E554-E994-4880-A259-0BF47510A8EF}.Debug|Any CPU.ActiveCfg = Debug|Any CPU
		{D702E554-E994-4880-A259-0BF47510A8EF}.Debug|Any CPU.Build.0 = Debug|Any CPU
		{D702E554-E994-4880-A259-0BF47510A8EF}.Release|Any CPU.ActiveCfg = Release|Any CPU
		{D702E554-E994-4880-A259-0BF47510A8EF}.Release|Any CPU.Build.0 = Release|Any CPU
		{D467DE5C-FD15-4776-B74B-AD2999BF492D}.Debug|Any CPU.ActiveCfg = Debug|Any CPU
		{D467DE5C-FD15-4776-B74B-AD2999BF492D}.Debug|Any CPU.Build.0 = Debug|Any CPU
		{D467DE5C-FD15-4776-B74B-AD2999BF492D}.Release|Any CPU.ActiveCfg = Release|Any CPU
		{D467DE5C-FD15-4776-B74B-AD2999BF492D}.Release|Any CPU.Build.0 = Release|Any CPU
	EndGlobalSection
	GlobalSection(SolutionProperties) = preSolution
		HideSolutionNode = FALSE
	EndGlobalSection
	GlobalSection(ExtensibilityGlobals) = postSolution
		SolutionGuid = {B6A96E2B-78F3-4F05-8CB1-8830BDDD2B03}
	EndGlobalSection
EndGlobal
